# This file is automatically @generated by Cargo.
# It is not intended for manual editing.
version = 3

[[package]]
name = "j2rs_find_up"
version = "0.1.0"
dependencies = [
 "sugar_path",
]

[[package]]
name = "once_cell"
version = "1.19.0"
source = "registry+https://github.com/rust-lang/crates.io-index"
checksum = "3fdb12b2476b595f9358c5161aa467c2438859caa136dec86c26fdd2efe17b92"

[[package]]
name = "sugar_path"
version = "0.0.12"
source = "registry+https://github.com/rust-lang/crates.io-index"
checksum = "2c23ada2c5165fc936136721f5f69c8dac6eceb5407de40262f32934510bd7b9"
dependencies = [
 "once_cell",
]
